// !$*UTF8*$!
{
	archiveVersion = 1;
	classes = {
	};
	objectVersion = 56;
	objects = {

/* Begin PBXBuildFile section */
		5B468D622AB0834200A87CE0 /* DevoteApp.swift in Sources */ = {isa = PBXBuildFile; fileRef = 5B468D612AB0834200A87CE0 /* DevoteApp.swift */; };
		5B468D642AB0834200A87CE0 /* ContentView.swift in Sources */ = {isa = PBXBuildFile; fileRef = 5B468D632AB0834200A87CE0 /* ContentView.swift */; };
		5B468D662AB0834300A87CE0 /* Assets.xcassets in Resources */ = {isa = PBXBuildFile; fileRef = 5B468D652AB0834300A87CE0 /* Assets.xcassets */; };
		5B468D692AB0834300A87CE0 /* Preview Assets.xcassets in Resources */ = {isa = PBXBuildFile; fileRef = 5B468D682AB0834300A87CE0 /* Preview Assets.xcassets */; };
		5B468D6B2AB0834300A87CE0 /* Persistence.swift in Sources */ = {isa = PBXBuildFile; fileRef = 5B468D6A2AB0834300A87CE0 /* Persistence.swift */; };
		5B468D6E2AB0834300A87CE0 /* Devote.xcdatamodeld in Sources */ = {isa = PBXBuildFile; fileRef = 5B468D6C2AB0834300A87CE0 /* Devote.xcdatamodeld */; };
		5B468D772AB0849200A87CE0 /* sound-rise.mp3 in Resources */ = {isa = PBXBuildFile; fileRef = 5B468D742AB0849200A87CE0 /* sound-rise.mp3 */; };
		5B468D782AB0849200A87CE0 /* sound-tap.mp3 in Resources */ = {isa = PBXBuildFile; fileRef = 5B468D752AB0849200A87CE0 /* sound-tap.mp3 */; };
		5B468D792AB0849200A87CE0 /* sound-ding.mp3 in Resources */ = {isa = PBXBuildFile; fileRef = 5B468D762AB0849200A87CE0 /* sound-ding.mp3 */; };
		5B468D882AB0A08E00A87CE0 /* Constant.swift in Sources */ = {isa = PBXBuildFile; fileRef = 5B468D872AB0A08E00A87CE0 /* Constant.swift */; };
		5B468D8A2AB0E63500A87CE0 /* HideKeyboardExtension.swift in Sources */ = {isa = PBXBuildFile; fileRef = 5B468D892AB0E63500A87CE0 /* HideKeyboardExtension.swift */; };
		5B468D8C2AB0EDA400A87CE0 /* BackgroundImageView.swift in Sources */ = {isa = PBXBuildFile; fileRef = 5B468D8B2AB0EDA400A87CE0 /* BackgroundImageView.swift */; };
		5B468D8E2AB0F05300A87CE0 /* NewTaskItemView.swift in Sources */ = {isa = PBXBuildFile; fileRef = 5B468D8D2AB0F05300A87CE0 /* NewTaskItemView.swift */; };
		5B468D902AB0F6AE00A87CE0 /* BlankView.swift in Sources */ = {isa = PBXBuildFile; fileRef = 5B468D8F2AB0F6AE00A87CE0 /* BlankView.swift */; };
		5B468D942AB1078300A87CE0 /* ListRowItemView.swift in Sources */ = {isa = PBXBuildFile; fileRef = 5B468D932AB1078300A87CE0 /* ListRowItemView.swift */; };
		5B468D962AB10A2600A87CE0 /* ChechBoxStyle.swift in Sources */ = {isa = PBXBuildFile; fileRef = 5B468D952AB10A2600A87CE0 /* ChechBoxStyle.swift */; };
		5B468D982AB1100B00A87CE0 /* SoundPlayer.swift in Sources */ = {isa = PBXBuildFile; fileRef = 5B468D972AB1100B00A87CE0 /* SoundPlayer.swift */; };
		5B5D16C42AB1B8DA009FFEA9 /* WidgetKit.framework in Frameworks */ = {isa = PBXBuildFile; fileRef = 5B5D16C32AB1B8DA009FFEA9 /* WidgetKit.framework */; };
		5B5D16C62AB1B8DA009FFEA9 /* SwiftUI.framework in Frameworks */ = {isa = PBXBuildFile; fileRef = 5B5D16C52AB1B8DA009FFEA9 /* SwiftUI.framework */; };
		5B5D16C92AB1B8DA009FFEA9 /* DevoteWidgetBundle.swift in Sources */ = {isa = PBXBuildFile; fileRef = 5B5D16C82AB1B8DA009FFEA9 /* DevoteWidgetBundle.swift */; };
		5B5D16CB2AB1B8DA009FFEA9 /* DevoteWidgetLiveActivity.swift in Sources */ = {isa = PBXBuildFile; fileRef = 5B5D16CA2AB1B8DA009FFEA9 /* DevoteWidgetLiveActivity.swift */; };
		5B5D16CD2AB1B8DA009FFEA9 /* DevoteWidget.swift in Sources */ = {isa = PBXBuildFile; fileRef = 5B5D16CC2AB1B8DA009FFEA9 /* DevoteWidget.swift */; };
		5B5D16CF2AB1B8DB009FFEA9 /* Assets.xcassets in Resources */ = {isa = PBXBuildFile; fileRef = 5B5D16CE2AB1B8DB009FFEA9 /* Assets.xcassets */; };
		5B5D16D32AB1B8DB009FFEA9 /* DevoteWidgetExtension.appex in Embed Foundation Extensions */ = {isa = PBXBuildFile; fileRef = 5B5D16C12AB1B8DA009FFEA9 /* DevoteWidgetExtension.appex */; settings = {ATTRIBUTES = (RemoveHeadersOnCopy, ); }; };
		5B5D16D82AB1C061009FFEA9 /* Assets.xcassets in Resources */ = {isa = PBXBuildFile; fileRef = 5B468D652AB0834300A87CE0 /* Assets.xcassets */; };
		5B5D16D92AB1C10F009FFEA9 /* Constant.swift in Sources */ = {isa = PBXBuildFile; fileRef = 5B468D872AB0A08E00A87CE0 /* Constant.swift */; };
/* End PBXBuildFile section */

/* Begin PBXContainerItemProxy section */
		5B5D16D12AB1B8DB009FFEA9 /* PBXContainerItemProxy */ = {
			isa = PBXContainerItemProxy;
			containerPortal = 5B468D562AB0834200A87CE0 /* Project object */;
			proxyType = 1;
			remoteGlobalIDString = 5B5D16C02AB1B8DA009FFEA9;
			remoteInfo = DevoteWidgetExtension;
		};
/* End PBXContainerItemProxy section */

/* Begin PBXCopyFilesBuildPhase section */
		5B5D16D42AB1B8DB009FFEA9 /* Embed Foundation Extensions */ = {
			isa = PBXCopyFilesBuildPhase;
			buildActionMask = 2147483647;
			dstPath = "";
			dstSubfolderSpec = 13;
			files = (
				5B5D16D32AB1B8DB009FFEA9 /* DevoteWidgetExtension.appex in Embed Foundation Extensions */,
			);
			name = "Embed Foundation Extensions";
			runOnlyForDeploymentPostprocessing = 0;
		};
/* End PBXCopyFilesBuildPhase section */

/* Begin PBXFileReference section */
		5B468D5E2AB0834200A87CE0 /* Devote.app */ = {isa = PBXFileReference; explicitFileType = wrapper.application; includeInIndex = 0; path = Devote.app; sourceTree = BUILT_PRODUCTS_DIR; };
		5B468D612AB0834200A87CE0 /* DevoteApp.swift */ = {isa = PBXFileReference; lastKnownFileType = sourcecode.swift; path = DevoteApp.swift; sourceTree = "<group>"; };
		5B468D632AB0834200A87CE0 /* ContentView.swift */ = {isa = PBXFileReference; lastKnownFileType = sourcecode.swift; path = ContentView.swift; sourceTree = "<group>"; };
		5B468D652AB0834300A87CE0 /* Assets.xcassets */ = {isa = PBXFileReference; lastKnownFileType = folder.assetcatalog; path = Assets.xcassets; sourceTree = "<group>"; };
		5B468D682AB0834300A87CE0 /* Preview Assets.xcassets */ = {isa = PBXFileReference; lastKnownFileType = folder.assetcatalog; path = "Preview Assets.xcassets"; sourceTree = "<group>"; };
		5B468D6A2AB0834300A87CE0 /* Persistence.swift */ = {isa = PBXFileReference; lastKnownFileType = sourcecode.swift; path = Persistence.swift; sourceTree = "<group>"; };
		5B468D6D2AB0834300A87CE0 /* Devote.xcdatamodel */ = {isa = PBXFileReference; lastKnownFileType = wrapper.xcdatamodel; path = Devote.xcdatamodel; sourceTree = "<group>"; };
		5B468D742AB0849200A87CE0 /* sound-rise.mp3 */ = {isa = PBXFileReference; lastKnownFileType = audio.mp3; path = "sound-rise.mp3"; sourceTree = "<group>"; };
		5B468D752AB0849200A87CE0 /* sound-tap.mp3 */ = {isa = PBXFileReference; lastKnownFileType = audio.mp3; path = "sound-tap.mp3"; sourceTree = "<group>"; };
		5B468D762AB0849200A87CE0 /* sound-ding.mp3 */ = {isa = PBXFileReference; lastKnownFileType = audio.mp3; path = "sound-ding.mp3"; sourceTree = "<group>"; };
		5B468D822AB08D4F00A87CE0 /* Info.plist */ = {isa = PBXFileReference; lastKnownFileType = text.plist; path = Info.plist; sourceTree = "<group>"; };
		5B468D872AB0A08E00A87CE0 /* Constant.swift */ = {isa = PBXFileReference; lastKnownFileType = sourcecode.swift; path = Constant.swift; sourceTree = "<group>"; };
		5B468D892AB0E63500A87CE0 /* HideKeyboardExtension.swift */ = {isa = PBXFileReference; lastKnownFileType = sourcecode.swift; path = HideKeyboardExtension.swift; sourceTree = "<group>"; };
		5B468D8B2AB0EDA400A87CE0 /* BackgroundImageView.swift */ = {isa = PBXFileReference; lastKnownFileType = sourcecode.swift; path = BackgroundImageView.swift; sourceTree = "<group>"; };
		5B468D8D2AB0F05300A87CE0 /* NewTaskItemView.swift */ = {isa = PBXFileReference; lastKnownFileType = sourcecode.swift; path = NewTaskItemView.swift; sourceTree = "<group>"; };
		5B468D8F2AB0F6AE00A87CE0 /* BlankView.swift */ = {isa = PBXFileReference; lastKnownFileType = sourcecode.swift; path = BlankView.swift; sourceTree = "<group>"; };
		5B468D932AB1078300A87CE0 /* ListRowItemView.swift */ = {isa = PBXFileReference; lastKnownFileType = sourcecode.swift; path = ListRowItemView.swift; sourceTree = "<group>"; };
		5B468D952AB10A2600A87CE0 /* ChechBoxStyle.swift */ = {isa = PBXFileReference; lastKnownFileType = sourcecode.swift; path = ChechBoxStyle.swift; sourceTree = "<group>"; };
		5B468D972AB1100B00A87CE0 /* SoundPlayer.swift */ = {isa = PBXFileReference; lastKnownFileType = sourcecode.swift; path = SoundPlayer.swift; sourceTree = "<group>"; };
		5B5D16C12AB1B8DA009FFEA9 /* DevoteWidgetExtension.appex */ = {isa = PBXFileReference; explicitFileType = "wrapper.app-extension"; includeInIndex = 0; path = DevoteWidgetExtension.appex; sourceTree = BUILT_PRODUCTS_DIR; };
		5B5D16C32AB1B8DA009FFEA9 /* WidgetKit.framework */ = {isa = PBXFileReference; lastKnownFileType = wrapper.framework; name = WidgetKit.framework; path = System/Library/Frameworks/WidgetKit.framework; sourceTree = SDKROOT; };
		5B5D16C52AB1B8DA009FFEA9 /* SwiftUI.framework */ = {isa = PBXFileReference; lastKnownFileType = wrapper.framework; name = SwiftUI.framework; path = System/Library/Frameworks/SwiftUI.framework; sourceTree = SDKROOT; };
		5B5D16C82AB1B8DA009FFEA9 /* DevoteWidgetBundle.swift */ = {isa = PBXFileReference; lastKnownFileType = sourcecode.swift; path = DevoteWidgetBundle.swift; sourceTree = "<group>"; };
		5B5D16CA2AB1B8DA009FFEA9 /* DevoteWidgetLiveActivity.swift */ = {isa = PBXFileReference; lastKnownFileType = sourcecode.swift; path = DevoteWidgetLiveActivity.swift; sourceTree = "<group>"; };
		5B5D16CC2AB1B8DA009FFEA9 /* DevoteWidget.swift */ = {isa = PBXFileReference; lastKnownFileType = sourcecode.swift; path = DevoteWidget.swift; sourceTree = "<group>"; };
		5B5D16CE2AB1B8DB009FFEA9 /* Assets.xcassets */ = {isa = PBXFileReference; lastKnownFileType = folder.assetcatalog; path = Assets.xcassets; sourceTree = "<group>"; };
		5B5D16D02AB1B8DB009FFEA9 /* Info.plist */ = {isa = PBXFileReference; lastKnownFileType = text.plist.xml; path = Info.plist; sourceTree = "<group>"; };
/* End PBXFileReference section */

/* Begin PBXFrameworksBuildPhase section */
		5B468D5B2AB0834200A87CE0 /* Frameworks */ = {
			isa = PBXFrameworksBuildPhase;
			buildActionMask = 2147483647;
			files = (
			);
			runOnlyForDeploymentPostprocessing = 0;
		};
		5B5D16BE2AB1B8DA009FFEA9 /* Frameworks */ = {
			isa = PBXFrameworksBuildPhase;
			buildActionMask = 2147483647;
			files = (
				5B5D16C62AB1B8DA009FFEA9 /* SwiftUI.framework in Frameworks */,
				5B5D16C42AB1B8DA009FFEA9 /* WidgetKit.framework in Frameworks */,
			);
			runOnlyForDeploymentPostprocessing = 0;
		};
/* End PBXFrameworksBuildPhase section */

/* Begin PBXGroup section */
		5B468D552AB0834200A87CE0 = {
			isa = PBXGroup;
			children = (
				5B468D602AB0834200A87CE0 /* Devote */,
				5B5D16C72AB1B8DA009FFEA9 /* DevoteWidget */,
				5B5D16C22AB1B8DA009FFEA9 /* Frameworks */,
				5B468D5F2AB0834200A87CE0 /* Products */,
			);
			sourceTree = "<group>";
		};
		5B468D5F2AB0834200A87CE0 /* Products */ = {
			isa = PBXGroup;
			children = (
				5B468D5E2AB0834200A87CE0 /* Devote.app */,
				5B5D16C12AB1B8DA009FFEA9 /* DevoteWidgetExtension.appex */,
			);
			name = Products;
			sourceTree = "<group>";
		};
		5B468D602AB0834200A87CE0 /* Devote */ = {
			isa = PBXGroup;
			children = (
				5B468D612AB0834200A87CE0 /* DevoteApp.swift */,
				5B468D822AB08D4F00A87CE0 /* Info.plist */,
				5B468D652AB0834300A87CE0 /* Assets.xcassets */,
				5B468D812AB0862F00A87CE0 /* View */,
				5B468D802AB085DA00A87CE0 /* Model */,
				5B468D7C2AB084F000A87CE0 /* Extension */,
				5B468D672AB0834300A87CE0 /* Preview Content */,
				5B468D7A2AB084CE00A87CE0 /* Sound */,
				5B468D7E2AB0851200A87CE0 /* Style */,
				5B468D7D2AB0850200A87CE0 /* Utility */,
			);
			path = Devote;
			sourceTree = "<group>";
		};
		5B468D672AB0834300A87CE0 /* Preview Content */ = {
			isa = PBXGroup;
			children = (
				5B468D682AB0834300A87CE0 /* Preview Assets.xcassets */,
			);
			path = "Preview Content";
			sourceTree = "<group>";
		};
		5B468D7A2AB084CE00A87CE0 /* Sound */ = {
			isa = PBXGroup;
			children = (
				5B468D762AB0849200A87CE0 /* sound-ding.mp3 */,
				5B468D742AB0849200A87CE0 /* sound-rise.mp3 */,
				5B468D752AB0849200A87CE0 /* sound-tap.mp3 */,
			);
			path = Sound;
			sourceTree = "<group>";
		};
		5B468D7C2AB084F000A87CE0 /* Extension */ = {
			isa = PBXGroup;
			children = (
				5B468D892AB0E63500A87CE0 /* HideKeyboardExtension.swift */,
			);
			path = Extension;
			sourceTree = "<group>";
		};
		5B468D7D2AB0850200A87CE0 /* Utility */ = {
			isa = PBXGroup;
			children = (
				5B468D872AB0A08E00A87CE0 /* Constant.swift */,
				5B468D972AB1100B00A87CE0 /* SoundPlayer.swift */,
			);
			path = Utility;
			sourceTree = "<group>";
		};
		5B468D7E2AB0851200A87CE0 /* Style */ = {
			isa = PBXGroup;
			children = (
				5B468D952AB10A2600A87CE0 /* ChechBoxStyle.swift */,
			);
			path = Style;
			sourceTree = "<group>";
		};
		5B468D802AB085DA00A87CE0 /* Model */ = {
			isa = PBXGroup;
			children = (
				5B468D6C2AB0834300A87CE0 /* Devote.xcdatamodeld */,
				5B468D6A2AB0834300A87CE0 /* Persistence.swift */,
			);
			path = Model;
			sourceTree = "<group>";
		};
		5B468D812AB0862F00A87CE0 /* View */ = {
			isa = PBXGroup;
			children = (
				5B468D632AB0834200A87CE0 /* ContentView.swift */,
				5B468D8B2AB0EDA400A87CE0 /* BackgroundImageView.swift */,
				5B468D8D2AB0F05300A87CE0 /* NewTaskItemView.swift */,
				5B468D8F2AB0F6AE00A87CE0 /* BlankView.swift */,
				5B468D932AB1078300A87CE0 /* ListRowItemView.swift */,
			);
			path = View;
			sourceTree = "<group>";
		};
		5B5D16C22AB1B8DA009FFEA9 /* Frameworks */ = {
			isa = PBXGroup;
			children = (
				5B5D16C32AB1B8DA009FFEA9 /* WidgetKit.framework */,
				5B5D16C52AB1B8DA009FFEA9 /* SwiftUI.framework */,
			);
			name = Frameworks;
			sourceTree = "<group>";
		};
		5B5D16C72AB1B8DA009FFEA9 /* DevoteWidget */ = {
			isa = PBXGroup;
			children = (
				5B5D16C82AB1B8DA009FFEA9 /* DevoteWidgetBundle.swift */,
				5B5D16CA2AB1B8DA009FFEA9 /* DevoteWidgetLiveActivity.swift */,
				5B5D16CC2AB1B8DA009FFEA9 /* DevoteWidget.swift */,
				5B5D16CE2AB1B8DB009FFEA9 /* Assets.xcassets */,
				5B5D16D02AB1B8DB009FFEA9 /* Info.plist */,
			);
			path = DevoteWidget;
			sourceTree = "<group>";
		};
/* End PBXGroup section */

/* Begin PBXNativeTarget section */
		5B468D5D2AB0834200A87CE0 /* Devote */ = {
			isa = PBXNativeTarget;
			buildConfigurationList = 5B468D712AB0834300A87CE0 /* Build configuration list for PBXNativeTarget "Devote" */;
			buildPhases = (
				5B468D5A2AB0834200A87CE0 /* Sources */,
				5B468D5B2AB0834200A87CE0 /* Frameworks */,
				5B468D5C2AB0834200A87CE0 /* Resources */,
				5B5D16D42AB1B8DB009FFEA9 /* Embed Foundation Extensions */,
			);
			buildRules = (
			);
			dependencies = (
				5B5D16D22AB1B8DB009FFEA9 /* PBXTargetDependency */,
			);
			name = Devote;
			productName = Devote;
			productReference = 5B468D5E2AB0834200A87CE0 /* Devote.app */;
			productType = "com.apple.product-type.application";
		};
		5B5D16C02AB1B8DA009FFEA9 /* DevoteWidgetExtension */ = {
			isa = PBXNativeTarget;
			buildConfigurationList = 5B5D16D72AB1B8DB009FFEA9 /* Build configuration list for PBXNativeTarget "DevoteWidgetExtension" */;
			buildPhases = (
				5B5D16BD2AB1B8DA009FFEA9 /* Sources */,
				5B5D16BE2AB1B8DA009FFEA9 /* Frameworks */,
				5B5D16BF2AB1B8DA009FFEA9 /* Resources */,
			);
			buildRules = (
			);
			dependencies = (
			);
			name = DevoteWidgetExtension;
			productName = DevoteWidgetExtension;
			productReference = 5B5D16C12AB1B8DA009FFEA9 /* DevoteWidgetExtension.appex */;
			productType = "com.apple.product-type.app-extension";
		};
/* End PBXNativeTarget section */

/* Begin PBXProject section */
		5B468D562AB0834200A87CE0 /* Project object */ = {
			isa = PBXProject;
			attributes = {
				BuildIndependentTargetsInParallel = 1;
				LastSwiftUpdateCheck = 1430;
				LastUpgradeCheck = 1430;
				TargetAttributes = {
					5B468D5D2AB0834200A87CE0 = {
						CreatedOnToolsVersion = 14.3.1;
					};
					5B5D16C02AB1B8DA009FFEA9 = {
						CreatedOnToolsVersion = 14.3.1;
					};
				};
			};
			buildConfigurationList = 5B468D592AB0834200A87CE0 /* Build configuration list for PBXProject "Devote" */;
			compatibilityVersion = "Xcode 14.0";
			developmentRegion = en;
			hasScannedForEncodings = 0;
			knownRegions = (
				en,
				Base,
			);
			mainGroup = 5B468D552AB0834200A87CE0;
			productRefGroup = 5B468D5F2AB0834200A87CE0 /* Products */;
			projectDirPath = "";
			projectRoot = "";
			targets = (
				5B468D5D2AB0834200A87CE0 /* Devote */,
				5B5D16C02AB1B8DA009FFEA9 /* DevoteWidgetExtension */,
			);
		};
/* End PBXProject section */

/* Begin PBXResourcesBuildPhase section */
		5B468D5C2AB0834200A87CE0 /* Resources */ = {
			isa = PBXResourcesBuildPhase;
			buildActionMask = 2147483647;
			files = (
				5B468D792AB0849200A87CE0 /* sound-ding.mp3 in Resources */,
				5B468D772AB0849200A87CE0 /* sound-rise.mp3 in Resources */,
				5B468D692AB0834300A87CE0 /* Preview Assets.xcassets in Resources */,
				5B468D782AB0849200A87CE0 /* sound-tap.mp3 in Resources */,
				5B468D662AB0834300A87CE0 /* Assets.xcassets in Resources */,
			);
			runOnlyForDeploymentPostprocessing = 0;
		};
		5B5D16BF2AB1B8DA009FFEA9 /* Resources */ = {
			isa = PBXResourcesBuildPhase;
			buildActionMask = 2147483647;
			files = (
				5B5D16D82AB1C061009FFEA9 /* Assets.xcassets in Resources */,
				5B5D16CF2AB1B8DB009FFEA9 /* Assets.xcassets in Resources */,
			);
			runOnlyForDeploymentPostprocessing = 0;
		};
/* End PBXResourcesBuildPhase section */

/* Begin PBXSourcesBuildPhase section */
		5B468D5A2AB0834200A87CE0 /* Sources */ = {
			isa = PBXSourcesBuildPhase;
			buildActionMask = 2147483647;
			files = (
				5B468D6B2AB0834300A87CE0 /* Persistence.swift in Sources */,
				5B468D962AB10A2600A87CE0 /* ChechBoxStyle.swift in Sources */,
				5B468D8C2AB0EDA400A87CE0 /* BackgroundImageView.swift in Sources */,
				5B468D642AB0834200A87CE0 /* ContentView.swift in Sources */,
				5B468D8A2AB0E63500A87CE0 /* HideKeyboardExtension.swift in Sources */,
				5B468D902AB0F6AE00A87CE0 /* BlankView.swift in Sources */,
				5B468D882AB0A08E00A87CE0 /* Constant.swift in Sources */,
				5B468D942AB1078300A87CE0 /* ListRowItemView.swift in Sources */,
				5B468D6E2AB0834300A87CE0 /* Devote.xcdatamodeld in Sources */,
				5B468D622AB0834200A87CE0 /* DevoteApp.swift in Sources */,
				5B468D982AB1100B00A87CE0 /* SoundPlayer.swift in Sources */,
				5B468D8E2AB0F05300A87CE0 /* NewTaskItemView.swift in Sources */,
			);
			runOnlyForDeploymentPostprocessing = 0;
		};
		5B5D16BD2AB1B8DA009FFEA9 /* Sources */ = {
			isa = PBXSourcesBuildPhase;
			buildActionMask = 2147483647;
			files = (
				5B5D16CD2AB1B8DA009FFEA9 /* DevoteWidget.swift in Sources */,
				5B5D16C92AB1B8DA009FFEA9 /* DevoteWidgetBundle.swift in Sources */,
				5B5D16CB2AB1B8DA009FFEA9 /* DevoteWidgetLiveActivity.swift in Sources */,
				5B5D16D92AB1C10F009FFEA9 /* Constant.swift in Sources */,
			);
			runOnlyForDeploymentPostprocessing = 0;
		};
/* End PBXSourcesBuildPhase section */

/* Begin PBXTargetDependency section */
		5B5D16D22AB1B8DB009FFEA9 /* PBXTargetDependency */ = {
			isa = PBXTargetDependency;
			target = 5B5D16C02AB1B8DA009FFEA9 /* DevoteWidgetExtension */;
			targetProxy = 5B5D16D12AB1B8DB009FFEA9 /* PBXContainerItemProxy */;
		};
/* End PBXTargetDependency section */

/* Begin XCBuildConfiguration section */
		5B468D6F2AB0834300A87CE0 /* Debug */ = {
			isa = XCBuildConfiguration;
			buildSettings = {
				ALWAYS_SEARCH_USER_PATHS = NO;
				CLANG_ANALYZER_NONNULL = YES;
				CLANG_ANALYZER_NUMBER_OBJECT_CONVERSION = YES_AGGRESSIVE;
				CLANG_CXX_LANGUAGE_STANDARD = "gnu++20";
				CLANG_ENABLE_MODULES = YES;
				CLANG_ENABLE_OBJC_ARC = YES;
				CLANG_ENABLE_OBJC_WEAK = YES;
				CLANG_WARN_BLOCK_CAPTURE_AUTORELEASING = YES;
				CLANG_WARN_BOOL_CONVERSION = YES;
				CLANG_WARN_COMMA = YES;
				CLANG_WARN_CONSTANT_CONVERSION = YES;
				CLANG_WARN_DEPRECATED_OBJC_IMPLEMENTATIONS = YES;
				CLANG_WARN_DIRECT_OBJC_ISA_USAGE = YES_ERROR;
				CLANG_WARN_DOCUMENTATION_COMMENTS = YES;
				CLANG_WARN_EMPTY_BODY = YES;
				CLANG_WARN_ENUM_CONVERSION = YES;
				CLANG_WARN_INFINITE_RECURSION = YES;
				CLANG_WARN_INT_CONVERSION = YES;
				CLANG_WARN_NON_LITERAL_NULL_CONVERSION = YES;
				CLANG_WARN_OBJC_IMPLICIT_RETAIN_SELF = YES;
				CLANG_WARN_OBJC_LITERAL_CONVERSION = YES;
				CLANG_WARN_OBJC_ROOT_CLASS = YES_ERROR;
				CLANG_WARN_QUOTED_INCLUDE_IN_FRAMEWORK_HEADER = YES;
				CLANG_WARN_RANGE_LOOP_ANALYSIS = YES;
				CLANG_WARN_STRICT_PROTOTYPES = YES;
				CLANG_WARN_SUSPICIOUS_MOVE = YES;
				CLANG_WARN_UNGUARDED_AVAILABILITY = YES_AGGRESSIVE;
				CLANG_WARN_UNREACHABLE_CODE = YES;
				CLANG_WARN__DUPLICATE_METHOD_MATCH = YES;
				COPY_PHASE_STRIP = NO;
				DEBUG_INFORMATION_FORMAT = dwarf;
				ENABLE_STRICT_OBJC_MSGSEND = YES;
				ENABLE_TESTABILITY = YES;
				GCC_C_LANGUAGE_STANDARD = gnu11;
				GCC_DYNAMIC_NO_PIC = NO;
				GCC_NO_COMMON_BLOCKS = YES;
				GCC_OPTIMIZATION_LEVEL = 0;
				GCC_PREPROCESSOR_DEFINITIONS = (
					"DEBUG=1",
					"$(inherited)",
				);
				GCC_WARN_64_TO_32_BIT_CONVERSION = YES;
				GCC_WARN_ABOUT_RETURN_TYPE = YES_ERROR;
				GCC_WARN_UNDECLARED_SELECTOR = YES;
				GCC_WARN_UNINITIALIZED_AUTOS = YES_AGGRESSIVE;
				GCC_WARN_UNUSED_FUNCTION = YES;
				GCC_WARN_UNUSED_VARIABLE = YES;
				IPHONEOS_DEPLOYMENT_TARGET = 16.4;
				MTL_ENABLE_DEBUG_INFO = INCLUDE_SOURCE;
				MTL_FAST_MATH = YES;
				ONLY_ACTIVE_ARCH = YES;
				SDKROOT = iphoneos;
				SWIFT_ACTIVE_COMPILATION_CONDITIONS = DEBUG;
				SWIFT_OPTIMIZATION_LEVEL = "-Onone";
			};
			name = Debug;
		};
		5B468D702AB0834300A87CE0 /* Release */ = {
			isa = XCBuildConfiguration;
			buildSettings = {
				ALWAYS_SEARCH_USER_PATHS = NO;
				CLANG_ANALYZER_NONNULL = YES;
				CLANG_ANALYZER_NUMBER_OBJECT_CONVERSION = YES_AGGRESSIVE;
				CLANG_CXX_LANGUAGE_STANDARD = "gnu++20";
				CLANG_ENABLE_MODULES = YES;
				CLANG_ENABLE_OBJC_ARC = YES;
				CLANG_ENABLE_OBJC_WEAK = YES;
				CLANG_WARN_BLOCK_CAPTURE_AUTORELEASING = YES;
				CLANG_WARN_BOOL_CONVERSION = YES;
				CLANG_WARN_COMMA = YES;
				CLANG_WARN_CONSTANT_CONVERSION = YES;
				CLANG_WARN_DEPRECATED_OBJC_IMPLEMENTATIONS = YES;
				CLANG_WARN_DIRECT_OBJC_ISA_USAGE = YES_ERROR;
				CLANG_WARN_DOCUMENTATION_COMMENTS = YES;
				CLANG_WARN_EMPTY_BODY = YES;
				CLANG_WARN_ENUM_CONVERSION = YES;
				CLANG_WARN_INFINITE_RECURSION = YES;
				CLANG_WARN_INT_CONVERSION = YES;
				CLANG_WARN_NON_LITERAL_NULL_CONVERSION = YES;
				CLANG_WARN_OBJC_IMPLICIT_RETAIN_SELF = YES;
				CLANG_WARN_OBJC_LITERAL_CONVERSION = YES;
				CLANG_WARN_OBJC_ROOT_CLASS = YES_ERROR;
				CLANG_WARN_QUOTED_INCLUDE_IN_FRAMEWORK_HEADER = YES;
				CLANG_WARN_RANGE_LOOP_ANALYSIS = YES;
				CLANG_WARN_STRICT_PROTOTYPES = YES;
				CLANG_WARN_SUSPICIOUS_MOVE = YES;
				CLANG_WARN_UNGUARDED_AVAILABILITY = YES_AGGRESSIVE;
				CLANG_WARN_UNREACHABLE_CODE = YES;
				CLANG_WARN__DUPLICATE_METHOD_MATCH = YES;
				COPY_PHASE_STRIP = NO;
				DEBUG_INFORMATION_FORMAT = "dwarf-with-dsym";
				ENABLE_NS_ASSERTIONS = NO;
				ENABLE_STRICT_OBJC_MSGSEND = YES;
				GCC_C_LANGUAGE_STANDARD = gnu11;
				GCC_NO_COMMON_BLOCKS = YES;
				GCC_WARN_64_TO_32_BIT_CONVERSION = YES;
				GCC_WARN_ABOUT_RETURN_TYPE = YES_ERROR;
				GCC_WARN_UNDECLARED_SELECTOR = YES;
				GCC_WARN_UNINITIALIZED_AUTOS = YES_AGGRESSIVE;
				GCC_WARN_UNUSED_FUNCTION = YES;
				GCC_WARN_UNUSED_VARIABLE = YES;
				IPHONEOS_DEPLOYMENT_TARGET = 16.4;
				MTL_ENABLE_DEBUG_INFO = NO;
				MTL_FAST_MATH = YES;
				SDKROOT = iphoneos;
				SWIFT_COMPILATION_MODE = wholemodule;
				SWIFT_OPTIMIZATION_LEVEL = "-O";
				VALIDATE_PRODUCT = YES;
			};
			name = Release;
		};
		5B468D722AB0834300A87CE0 /* Debug */ = {
			isa = XCBuildConfiguration;
			buildSettings = {
				ALWAYS_EMBED_SWIFT_STANDARD_LIBRARIES = YES;
				ASSETCATALOG_COMPILER_APPICON_NAME = AppIcon;
				ASSETCATALOG_COMPILER_GLOBAL_ACCENT_COLOR_NAME = AccentColor;
				CODE_SIGN_STYLE = Automatic;
				CURRENT_PROJECT_VERSION = 1;
				DEVELOPMENT_ASSET_PATHS = "\"Devote/Preview Content\"";
				DEVELOPMENT_TEAM = 8CUV75B9C7;
				ENABLE_PREVIEWS = YES;
				GENERATE_INFOPLIST_FILE = YES;
				INFOPLIST_FILE = Devote/Info.plist;
				INFOPLIST_KEY_UIApplicationSceneManifest_Generation = YES;
				INFOPLIST_KEY_UIApplicationSupportsIndirectInputEvents = YES;
				INFOPLIST_KEY_UISupportedInterfaceOrientations = UIInterfaceOrientationPortrait;
				LD_RUNPATH_SEARCH_PATHS = (
					"$(inherited)",
					"@executable_path/Frameworks",
				);
				MARKETING_VERSION = 1.0;
				PRODUCT_BUNDLE_IDENTIFIER = com.zekibaklan.Devote;
				PRODUCT_NAME = "$(TARGET_NAME)";
				SWIFT_EMIT_LOC_STRINGS = YES;
				SWIFT_VERSION = 5.0;
				TARGETED_DEVICE_FAMILY = "1,2";
			};
			name = Debug;
		};
		5B468D732AB0834300A87CE0 /* Release */ = {
			isa = XCBuildConfiguration;
			buildSettings = {
				ALWAYS_EMBED_SWIFT_STANDARD_LIBRARIES = YES;
				ASSETCATALOG_COMPILER_APPICON_NAME = AppIcon;
				ASSETCATALOG_COMPILER_GLOBAL_ACCENT_COLOR_NAME = AccentColor;
				CODE_SIGN_STYLE = Automatic;
				CURRENT_PROJECT_VERSION = 1;
				DEVELOPMENT_ASSET_PATHS = "\"Devote/Preview Content\"";
				DEVELOPMENT_TEAM = 8CUV75B9C7;
				ENABLE_PREVIEWS = YES;
				GENERATE_INFOPLIST_FILE = YES;
				INFOPLIST_FILE = Devote/Info.plist;
				INFOPLIST_KEY_UIApplicationSceneManifest_Generation = YES;
				INFOPLIST_KEY_UIApplicationSupportsIndirectInputEvents = YES;
				INFOPLIST_KEY_UISupportedInterfaceOrientations = UIInterfaceOrientationPortrait;
				LD_RUNPATH_SEARCH_PATHS = (
					"$(inherited)",
					"@executable_path/Frameworks",
				);
				MARKETING_VERSION = 1.0;
				PRODUCT_BUNDLE_IDENTIFIER = com.zekibaklan.Devote;
				PRODUCT_NAME = "$(TARGET_NAME)";
				SWIFT_EMIT_LOC_STRINGS = YES;
				SWIFT_VERSION = 5.0;
				TARGETED_DEVICE_FAMILY = "1,2";
			};
			name = Release;
		};
		5B5D16D52AB1B8DB009FFEA9 /* Debug */ = {
			isa = XCBuildConfiguration;
			buildSettings = {
				ASSETCATALOG_COMPILER_GLOBAL_ACCENT_COLOR_NAME = AccentColor;
				ASSETCATALOG_COMPILER_WIDGET_BACKGROUND_COLOR_NAME = WidgetBackground;
				CODE_SIGN_STYLE = Automatic;
				CURRENT_PROJECT_VERSION = 1;
				DEVELOPMENT_TEAM = 8CUV75B9C7;
				GENERATE_INFOPLIST_FILE = YES;
				INFOPLIST_FILE = DevoteWidget/Info.plist;
				INFOPLIST_KEY_CFBundleDisplayName = DevoteWidget;
				INFOPLIST_KEY_NSHumanReadableCopyright = "";
				LD_RUNPATH_SEARCH_PATHS = (
					"$(inherited)",
					"@executable_path/Frameworks",
					"@executable_path/../../Frameworks",
				);
				MARKETING_VERSION = 1.0;
				PRODUCT_BUNDLE_IDENTIFIER = com.zekibaklan.Devote.DevoteWidget;
				PRODUCT_NAME = "$(TARGET_NAME)";
				SKIP_INSTALL = YES;
				SWIFT_EMIT_LOC_STRINGS = YES;
				SWIFT_VERSION = 5.0;
				TARGETED_DEVICE_FAMILY = "1,2";
			};
			name = Debug;
		};
		5B5D16D62AB1B8DB009FFEA9 /* Release */ = {
			isa = XCBuildConfiguration;
			buildSettings = {
				ASSETCATALOG_COMPILER_GLOBAL_ACCENT_COLOR_NAME = AccentColor;
				ASSETCATALOG_COMPILER_WIDGET_BACKGROUND_COLOR_NAME = WidgetBackground;
				CODE_SIGN_STYLE = Automatic;
				CURRENT_PROJECT_VERSION = 1;
				DEVELOPMENT_TEAM = 8CUV75B9C7;
				GENERATE_INFOPLIST_FILE = YES;
				INFOPLIST_FILE = DevoteWidget/Info.plist;
				INFOPLIST_KEY_CFBundleDisplayName = DevoteWidget;
				INFOPLIST_KEY_NSHumanReadableCopyright = "";
				LD_RUNPATH_SEARCH_PATHS = (
					"$(inherited)",
					"@executable_path/Frameworks",
					"@executable_path/../../Frameworks",
				);
				MARKETING_VERSION = 1.0;
				PRODUCT_BUNDLE_IDENTIFIER = com.zekibaklan.Devote.DevoteWidget;
				PRODUCT_NAME = "$(TARGET_NAME)";
				SKIP_INSTALL = YES;
				SWIFT_EMIT_LOC_STRINGS = YES;
				SWIFT_VERSION = 5.0;
				TARGETED_DEVICE_FAMILY = "1,2";
			};
			name = Release;
		};
/* End XCBuildConfiguration section */

/* Begin XCConfigurationList section */
		5B468D592AB0834200A87CE0 /* Build configuration list for PBXProject "Devote" */ = {
			isa = XCConfigurationList;
			buildConfigurations = (
				5B468D6F2AB0834300A87CE0 /* Debug */,
				5B468D702AB0834300A87CE0 /* Release */,
			);
			defaultConfigurationIsVisible = 0;
			defaultConfigurationName = Release;
		};
		5B468D712AB0834300A87CE0 /* Build configuration list for PBXNativeTarget "Devote" */ = {
			isa = XCConfigurationList;
			buildConfigurations = (
				5B468D722AB0834300A87CE0 /* Debug */,
				5B468D732AB0834300A87CE0 /* Release */,
			);
			defaultConfigurationIsVisible = 0;
			defaultConfigurationName = Release;
		};
		5B5D16D72AB1B8DB009FFEA9 /* Build configuration list for PBXNativeTarget "DevoteWidgetExtension" */ = {
			isa = XCConfigurationList;
			buildConfigurations = (
				5B5D16D52AB1B8DB009FFEA9 /* Debug */,
				5B5D16D62AB1B8DB009FFEA9 /* Release */,
			);
			defaultConfigurationIsVisible = 0;
			defaultConfigurationName = Release;
		};
/* End XCConfigurationList section */

/* Begin XCVersionGroup section */
		5B468D6C2AB0834300A87CE0 /* Devote.xcdatamodeld */ = {
			isa = XCVersionGroup;
			children = (
				5B468D6D2AB0834300A87CE0 /* Devote.xcdatamodel */,
			);
			currentVersion = 5B468D6D2AB0834300A87CE0 /* Devote.xcdatamodel */;
			path = Devote.xcdatamodeld;
			sourceTree = "<group>";
			versionGroupType = wrapper.xcdatamodel;
		};
/* End XCVersionGroup section */
	};
	rootObject = 5B468D562AB0834200A87CE0 /* Project object */;
}
